
Microsoft Visual Studio Solution File, Format Version 12.00
# Visual Studio 15
VisualStudioVersion = 15.0.28307.1062
MinimumVisualStudioVersion = 10.0.40219.1
Project("{9A19103F-16F7-4668-BE54-9A1E7A4F7556}") = "Covid.Web.Model", "Covid.Web.Model\Covid.Web.Model.csproj", "{1333EEBA-A136-4D6B-B14E-F784732ED48D}"
EndProject
Project("{9A19103F-16F7-4668-BE54-9A1E7A4F7556}") = "Covid.Repository", "Covid.Repository\Covid.Repository.csproj", "{A10FB527-8F21-4768-9635-69F9FFD2D917}"
EndProject
Project("{9A19103F-16F7-4668-BE54-9A1E7A4F7556}") = "Covid.Common", "Covid.Common\Covid.Common.csproj", "{1531D142-16BE-4A6B-A0FF-67C5D6332C63}"
EndProject
Project("{9A19103F-16F7-4668-BE54-9A1E7A4F7556}") = "Covid.Repository.Model", "Covid.Repository.Model\Covid.Repository.Model.csproj", "{87268D7A-C923-47CE-AC0C-99D691F53114}"
EndProject
Project("{9A19103F-16F7-4668-BE54-9A1E7A4F7556}") = "Covid.Service.Common", "Covid.Service.Common\Covid.Service.Common.csproj", "{EAE86398-6DAD-4162-9CE3-8C60B66E6CDD}"
EndProject
Project("{9A19103F-16F7-4668-BE54-9A1E7A4F7556}") = "Covid.Message.Model", "Covid.Message.Model\Covid.Message.Model.csproj", "{9F5DE183-710D-48D9-B753-065D70276345}"
EndProject
Project("{9A19103F-16F7-4668-BE54-9A1E7A4F7556}") = "Covid.Common.HttpClientHelper", "Covid.Common.HttpClientHelper\Covid.Common.HttpClientHelper.csproj", "{FEA84BE4-B5B9-4C7A-895A-D9F16350D073}"
EndProject
Project("{2150E333-8FDC-42A3-9474-1A3956D46DE8}") = "Tests", "Tests", "{C4DC86CE-4DB9-4431-8EFE-8F1B21470D68}"
EndProject
Project("{9A19103F-16F7-4668-BE54-9A1E7A4F7556}") = "Covid.Api", "Covid.Api\Covid.Api\Covid.Api.csproj", "{F30723BF-9892-4D76-995D-0E04EEF376AC}"
EndProject
Project("{9A19103F-16F7-4668-BE54-9A1E7A4F7556}") = "Covid.UserService", "Covid.UserService\Covid.UserService\Covid.UserService.csproj", "{26AD081B-6A26-4E02-B709-7AEC08414076}"
EndProject
Project("{9A19103F-16F7-4668-BE54-9A1E7A4F7556}") = "Covid.UserService.UnitTest", "Covid.UserService\Covid.UserService.UnitTest\Covid.UserService.UnitTest.csproj", "{519DCCDF-0462-41D7-AE41-29D65AE84563}"
EndProject
Project("{9A19103F-16F7-4668-BE54-9A1E7A4F7556}") = "Covid.Api.UnitTests", "Covid.Api\Covid.Api.UnitTests\Covid.Api.UnitTests.csproj", "{23323E4F-6404-4B54-B521-7D76299640DD}"
EndProject
Project("{9A19103F-16F7-4668-BE54-9A1E7A4F7556}") = "CommonUtils", "CommonUtils\CommonUtils\CommonUtils\CommonUtils.csproj", "{D93C9EF1-5D74-43AE-B690-731AF3301E67}"
EndProject
Project("{9A19103F-16F7-4668-BE54-9A1E7A4F7556}") = "CommonUtils.UnitTest", "CommonUtils\CommonUtils.UnitTest\CommonUtils.UnitTest\CommonUtils.UnitTest.csproj", "{F7AA4C66-C173-4544-A147-0598E9498E98}"
EndProject
Project("{9A19103F-16F7-4668-BE54-9A1E7A4F7556}") = "Covid.Rabbit.UnitTest", "Covid.Rabbit\Covid.Rabbit.UnitTest\Covid.Rabbit.UnitTest.csproj", "{DABB13F3-D8C9-4085-8631-CAD2CDE22C46}"
EndProject
Project("{9A19103F-16F7-4668-BE54-9A1E7A4F7556}") = "RabbitMqWrapper", "RabbitMqWrapper\RabbitMqWrapper\RabbitMqWrapper.csproj", "{D6F0BBAB-3AC1-4DCA-919E-454EC94E57C2}"
EndProject
Project("{FAE04EC0-301F-11D3-BF4B-00C04F79EFBC}") = "RabbitMqWrapper.UnitTest", "RabbitMqWrapper\RabbitMqWrapper.UnitTest\RabbitMqWrapper.UnitTest.csproj", "{30186783-6941-4208-B279-BD98FCF99C70}"
EndProject
Global
	GlobalSection(SolutionConfigurationPlatforms) = preSolution
		Debug|Any CPU = Debug|Any CPU
		Release|Any CPU = Release|Any CPU
	EndGlobalSection
	GlobalSection(ProjectConfigurationPlatforms) = postSolution
		{1333EEBA-A136-4D6B-B14E-F784732ED48D}.Debug|Any CPU.ActiveCfg = Debug|Any CPU
		{1333EEBA-A136-4D6B-B14E-F784732ED48D}.Debug|Any CPU.Build.0 = Debug|Any CPU
		{1333EEBA-A136-4D6B-B14E-F784732ED48D}.Release|Any CPU.ActiveCfg = Release|Any CPU
		{1333EEBA-A136-4D6B-B14E-F784732ED48D}.Release|Any CPU.Build.0 = Release|Any CPU
		{A10FB527-8F21-4768-9635-69F9FFD2D917}.Debug|Any CPU.ActiveCfg = Debug|Any CPU
		{A10FB527-8F21-4768-9635-69F9FFD2D917}.Debug|Any CPU.Build.0 = Debug|Any CPU
		{A10FB527-8F21-4768-9635-69F9FFD2D917}.Release|Any CPU.ActiveCfg = Release|Any CPU
		{A10FB527-8F21-4768-9635-69F9FFD2D917}.Release|Any CPU.Build.0 = Release|Any CPU
		{1531D142-16BE-4A6B-A0FF-67C5D6332C63}.Debug|Any CPU.ActiveCfg = Debug|Any CPU
		{1531D142-16BE-4A6B-A0FF-67C5D6332C63}.Debug|Any CPU.Build.0 = Debug|Any CPU
		{1531D142-16BE-4A6B-A0FF-67C5D6332C63}.Release|Any CPU.ActiveCfg = Release|Any CPU
		{1531D142-16BE-4A6B-A0FF-67C5D6332C63}.Release|Any CPU.Build.0 = Release|Any CPU
		{87268D7A-C923-47CE-AC0C-99D691F53114}.Debug|Any CPU.ActiveCfg = Debug|Any CPU
		{87268D7A-C923-47CE-AC0C-99D691F53114}.Debug|Any CPU.Build.0 = Debug|Any CPU
		{87268D7A-C923-47CE-AC0C-99D691F53114}.Release|Any CPU.ActiveCfg = Release|Any CPU
		{87268D7A-C923-47CE-AC0C-99D691F53114}.Release|Any CPU.Build.0 = Release|Any CPU
		{EAE86398-6DAD-4162-9CE3-8C60B66E6CDD}.Debug|Any CPU.ActiveCfg = Debug|Any CPU
		{EAE86398-6DAD-4162-9CE3-8C60B66E6CDD}.Debug|Any CPU.Build.0 = Debug|Any CPU
		{EAE86398-6DAD-4162-9CE3-8C60B66E6CDD}.Release|Any CPU.ActiveCfg = Release|Any CPU
		{EAE86398-6DAD-4162-9CE3-8C60B66E6CDD}.Release|Any CPU.Build.0 = Release|Any CPU
		{9F5DE183-710D-48D9-B753-065D70276345}.Debug|Any CPU.ActiveCfg = Debug|Any CPU
		{9F5DE183-710D-48D9-B753-065D70276345}.Debug|Any CPU.Build.0 = Debug|Any CPU
		{9F5DE183-710D-48D9-B753-065D70276345}.Release|Any CPU.ActiveCfg = Release|Any CPU
		{9F5DE183-710D-48D9-B753-065D70276345}.Release|Any CPU.Build.0 = Release|Any CPU
		{FEA84BE4-B5B9-4C7A-895A-D9F16350D073}.Debug|Any CPU.ActiveCfg = Debug|Any CPU
		{FEA84BE4-B5B9-4C7A-895A-D9F16350D073}.Debug|Any CPU.Build.0 = Debug|Any CPU
		{FEA84BE4-B5B9-4C7A-895A-D9F16350D073}.Release|Any CPU.ActiveCfg = Release|Any CPU
		{FEA84BE4-B5B9-4C7A-895A-D9F16350D073}.Release|Any CPU.Build.0 = Release|Any CPU
		{F30723BF-9892-4D76-995D-0E04EEF376AC}.Debug|Any CPU.ActiveCfg = Debug|Any CPU
		{F30723BF-9892-4D76-995D-0E04EEF376AC}.Debug|Any CPU.Build.0 = Debug|Any CPU
		{F30723BF-9892-4D76-995D-0E04EEF376AC}.Release|Any CPU.ActiveCfg = Release|Any CPU
		{F30723BF-9892-4D76-995D-0E04EEF376AC}.Release|Any CPU.Build.0 = Release|Any CPU
		{26AD081B-6A26-4E02-B709-7AEC08414076}.Debug|Any CPU.ActiveCfg = Debug|Any CPU
		{26AD081B-6A26-4E02-B709-7AEC08414076}.Debug|Any CPU.Build.0 = Debug|Any CPU
		{26AD081B-6A26-4E02-B709-7AEC08414076}.Release|Any CPU.ActiveCfg = Release|Any CPU
		{26AD081B-6A26-4E02-B709-7AEC08414076}.Release|Any CPU.Build.0 = Release|Any CPU
		{519DCCDF-0462-41D7-AE41-29D65AE84563}.Debug|Any CPU.ActiveCfg = Debug|Any CPU
		{519DCCDF-0462-41D7-AE41-29D65AE84563}.Debug|Any CPU.Build.0 = Debug|Any CPU
		{519DCCDF-0462-41D7-AE41-29D65AE84563}.Release|Any CPU.ActiveCfg = Release|Any CPU
		{519DCCDF-0462-41D7-AE41-29D65AE84563}.Release|Any CPU.Build.0 = Release|Any CPU
		{23323E4F-6404-4B54-B521-7D76299640DD}.Debug|Any CPU.ActiveCfg = Debug|Any CPU
		{23323E4F-6404-4B54-B521-7D76299640DD}.Debug|Any CPU.Build.0 = Debug|Any CPU
		{23323E4F-6404-4B54-B521-7D76299640DD}.Release|Any CPU.ActiveCfg = Release|Any CPU
		{23323E4F-6404-4B54-B521-7D76299640DD}.Release|Any CPU.Build.0 = Release|Any CPU
		{D93C9EF1-5D74-43AE-B690-731AF3301E67}.Debug|Any CPU.ActiveCfg = Debug|Any CPU
		{D93C9EF1-5D74-43AE-B690-731AF3301E67}.Debug|Any CPU.Build.0 = Debug|Any CPU
		{D93C9EF1-5D74-43AE-B690-731AF3301E67}.Release|Any CPU.ActiveCfg = Release|Any CPU
		{D93C9EF1-5D74-43AE-B690-731AF3301E67}.Release|Any CPU.Build.0 = Release|Any CPU
		{F7AA4C66-C173-4544-A147-0598E9498E98}.Debug|Any CPU.ActiveCfg = Debug|Any CPU
		{F7AA4C66-C173-4544-A147-0598E9498E98}.Debug|Any CPU.Build.0 = Debug|Any CPU
		{F7AA4C66-C173-4544-A147-0598E9498E98}.Release|Any CPU.ActiveCfg = Release|Any CPU
		{F7AA4C66-C173-4544-A147-0598E9498E98}.Release|Any CPU.Build.0 = Release|Any CPU
		{DABB13F3-D8C9-4085-8631-CAD2CDE22C46}.Debug|Any CPU.ActiveCfg = Debug|Any CPU
		{DABB13F3-D8C9-4085-8631-CAD2CDE22C46}.Debug|Any CPU.Build.0 = Debug|Any CPU
		{DABB13F3-D8C9-4085-8631-CAD2CDE22C46}.Release|Any CPU.ActiveCfg = Release|Any CPU
		{DABB13F3-D8C9-4085-8631-CAD2CDE22C46}.Release|Any CPU.Build.0 = Release|Any CPU
		{D6F0BBAB-3AC1-4DCA-919E-454EC94E57C2}.Debug|Any CPU.ActiveCfg = Debug|Any CPU
		{D6F0BBAB-3AC1-4DCA-919E-454EC94E57C2}.Debug|Any CPU.Build.0 = Debug|Any CPU
		{D6F0BBAB-3AC1-4DCA-919E-454EC94E57C2}.Release|Any CPU.ActiveCfg = Release|Any CPU
		{D6F0BBAB-3AC1-4DCA-919E-454EC94E57C2}.Release|Any CPU.Build.0 = Release|Any CPU
		{30186783-6941-4208-B279-BD98FCF99C70}.Debug|Any CPU.ActiveCfg = Debug|Any CPU
		{30186783-6941-4208-B279-BD98FCF99C70}.Debug|Any CPU.Build.0 = Debug|Any CPU
		{30186783-6941-4208-B279-BD98FCF99C70}.Release|Any CPU.ActiveCfg = Release|Any CPU
		{30186783-6941-4208-B279-BD98FCF99C70}.Release|Any CPU.Build.0 = Release|Any CPU
	EndGlobalSection
	GlobalSection(SolutionProperties) = preSolution
		HideSolutionNode = FALSE
	EndGlobalSection
	GlobalSection(NestedProjects) = preSolution
		{519DCCDF-0462-41D7-AE41-29D65AE84563} = {C4DC86CE-4DB9-4431-8EFE-8F1B21470D68}
		{23323E4F-6404-4B54-B521-7D76299640DD} = {C4DC86CE-4DB9-4431-8EFE-8F1B21470D68}
		{F7AA4C66-C173-4544-A147-0598E9498E98} = {C4DC86CE-4DB9-4431-8EFE-8F1B21470D68}
		{DABB13F3-D8C9-4085-8631-CAD2CDE22C46} = {C4DC86CE-4DB9-4431-8EFE-8F1B21470D68}
		{30186783-6941-4208-B279-BD98FCF99C70} = {C4DC86CE-4DB9-4431-8EFE-8F1B21470D68}
	EndGlobalSection
	GlobalSection(ExtensibilityGlobals) = postSolution
		SolutionGuid = {2ECCA3A2-8FEF-4755-9F39-FF53D1C55F2F}
	EndGlobalSection
EndGlobal
